
Microsoft Visual Studio Solution File, Format Version 12.00
# Visual Studio Version 17
VisualStudioVersion = 17.0.31919.166
MinimumVisualStudioVersion = 10.0.40219.1
Project("{FAE04EC0-301F-11D3-BF4B-00C04F79EFBC}") = "quadrado_e_ao_cubo", "quadrado_e_ao_cubo\quadrado_e_ao_cubo.csproj", "{AE97A522-3B28-49F8-B421-60E31FD3707D}"
EndProject
Global
	GlobalSection(SolutionConfigurationPlatforms) = preSolution
		Debug|Any CPU = Debug|Any CPU
		Release|Any CPU = Release|Any CPU
	EndGlobalSection
	GlobalSection(ProjectConfigurationPlatforms) = postSolution
		{AE97A522-3B28-49F8-B421-60E31FD3707D}.Debug|Any CPU.ActiveCfg = Debug|Any CPU
		{AE97A522-3B28-49F8-B421-60E31FD3707D}.Debug|Any CPU.Build.0 = Debug|Any CPU
		{AE97A522-3B28-49F8-B421-60E31FD3707D}.Release|Any CPU.ActiveCfg = Release|Any CPU
		{AE97A522-3B28-49F8-B421-60E31FD3707D}.Release|Any CPU.Build.0 = Release|Any CPU
	EndGlobalSection
	GlobalSection(SolutionProperties) = preSolution
		HideSolutionNode = FALSE
	EndGlobalSection
	GlobalSection(ExtensibilityGlobals) = postSolution
		SolutionGuid = {47B22A42-986F-4C2D-8548-4A8745E2DBDE}
	EndGlobalSection
EndGlobal
